
Microsoft Visual Studio Solution File, Format Version 12.00
# Visual Studio 14
VisualStudioVersion = 14.0.25420.1
MinimumVisualStudioVersion = 10.0.40219.1
Project("{2150E333-8FDC-42A3-9474-1A3956D46DE8}") = "SkillsTracker.DAL", "SkillsTracker.DAL", "{3BB090ED-0582-4B08-9592-80AAAD8DBDD6}"
EndProject
Project("{FAE04EC0-301F-11D3-BF4B-00C04F79EFBC}") = "SkillsTracker.DAL", "SkillsTracker.DAL\SkillsTracker.DAL.csproj", "{0F022810-A647-44DF-80FC-E138196D08E5}"
EndProject
Project("{2150E333-8FDC-42A3-9474-1A3956D46DE8}") = "SkillsTracker.Entities", "SkillsTracker.Entities", "{AB10A7D1-DC43-46FF-B2C0-9204EC083C74}"
EndProject
Project("{FAE04EC0-301F-11D3-BF4B-00C04F79EFBC}") = "SkillsTracker.Entities", "SkillsTracker.Entities\SkillsTracker.Entities.csproj", "{1F9C4717-FC03-4793-AE4E-75DF1C04A257}"
EndProject
Project("{2150E333-8FDC-42A3-9474-1A3956D46DE8}") = "SkillsTracker.IRepositories", "SkillsTracker.IRepositories", "{D696CA38-72E3-427F-A711-3DFD9CA532A8}"
EndProject
Project("{FAE04EC0-301F-11D3-BF4B-00C04F79EFBC}") = "SkillsTracker.IRepositories", "SkillsTracker.IRepositories\SkillsTracker.IRepositories.csproj", "{D798FFC9-C796-40A3-862F-8C71AFD21D5C}"
EndProject
Project("{2150E333-8FDC-42A3-9474-1A3956D46DE8}") = "SkillsTracker.BAL", "SkillsTracker.BAL", "{AB2D3B43-C280-47A7-9BCB-4C80AEAD8EE7}"
EndProject
Project("{FAE04EC0-301F-11D3-BF4B-00C04F79EFBC}") = "SkillsTracker.BAL", "SkillsTracker.BAL\SkillsTracker.BAL.csproj", "{9553B55F-280D-4893-AFC7-326F7AD9C3F9}"
EndProject
Project("{2150E333-8FDC-42A3-9474-1A3956D46DE8}") = "SkillsTracker.Tests", "SkillsTracker.Tests", "{39658B31-BA48-46D7-B729-C8C5D7D3AB0D}"
EndProject
Project("{FAE04EC0-301F-11D3-BF4B-00C04F79EFBC}") = "SkillsTracker.Tests", "SkillsTracker.Tests\SkillsTracker.Tests.csproj", "{32A70141-63BC-4E7B-89C8-26E7DCE7A2BA}"
EndProject
Global
	GlobalSection(SolutionConfigurationPlatforms) = preSolution
		Debug|Any CPU = Debug|Any CPU
		Release|Any CPU = Release|Any CPU
	EndGlobalSection
	GlobalSection(ProjectConfigurationPlatforms) = postSolution
		{0F022810-A647-44DF-80FC-E138196D08E5}.Debug|Any CPU.ActiveCfg = Debug|Any CPU
		{0F022810-A647-44DF-80FC-E138196D08E5}.Debug|Any CPU.Build.0 = Debug|Any CPU
		{0F022810-A647-44DF-80FC-E138196D08E5}.Release|Any CPU.ActiveCfg = Release|Any CPU
		{0F022810-A647-44DF-80FC-E138196D08E5}.Release|Any CPU.Build.0 = Release|Any CPU
		{1F9C4717-FC03-4793-AE4E-75DF1C04A257}.Debug|Any CPU.ActiveCfg = Debug|Any CPU
		{1F9C4717-FC03-4793-AE4E-75DF1C04A257}.Debug|Any CPU.Build.0 = Debug|Any CPU
		{1F9C4717-FC03-4793-AE4E-75DF1C04A257}.Release|Any CPU.ActiveCfg = Release|Any CPU
		{1F9C4717-FC03-4793-AE4E-75DF1C04A257}.Release|Any CPU.Build.0 = Release|Any CPU
		{D798FFC9-C796-40A3-862F-8C71AFD21D5C}.Debug|Any CPU.ActiveCfg = Debug|Any CPU
		{D798FFC9-C796-40A3-862F-8C71AFD21D5C}.Debug|Any CPU.Build.0 = Debug|Any CPU
		{D798FFC9-C796-40A3-862F-8C71AFD21D5C}.Release|Any CPU.ActiveCfg = Release|Any CPU
		{D798FFC9-C796-40A3-862F-8C71AFD21D5C}.Release|Any CPU.Build.0 = Release|Any CPU
		{9553B55F-280D-4893-AFC7-326F7AD9C3F9}.Debug|Any CPU.ActiveCfg = Debug|Any CPU
		{9553B55F-280D-4893-AFC7-326F7AD9C3F9}.Debug|Any CPU.Build.0 = Debug|Any CPU
		{9553B55F-280D-4893-AFC7-326F7AD9C3F9}.Release|Any CPU.ActiveCfg = Release|Any CPU
		{9553B55F-280D-4893-AFC7-326F7AD9C3F9}.Release|Any CPU.Build.0 = Release|Any CPU
		{32A70141-63BC-4E7B-89C8-26E7DCE7A2BA}.Debug|Any CPU.ActiveCfg = Debug|Any CPU
		{32A70141-63BC-4E7B-89C8-26E7DCE7A2BA}.Debug|Any CPU.Build.0 = Debug|Any CPU
		{32A70141-63BC-4E7B-89C8-26E7DCE7A2BA}.Release|Any CPU.ActiveCfg = Release|Any CPU
		{32A70141-63BC-4E7B-89C8-26E7DCE7A2BA}.Release|Any CPU.Build.0 = Release|Any CPU
	EndGlobalSection
	GlobalSection(SolutionProperties) = preSolution
		HideSolutionNode = FALSE
	EndGlobalSection
	GlobalSection(NestedProjects) = preSolution
		{0F022810-A647-44DF-80FC-E138196D08E5} = {3BB090ED-0582-4B08-9592-80AAAD8DBDD6}
		{1F9C4717-FC03-4793-AE4E-75DF1C04A257} = {AB10A7D1-DC43-46FF-B2C0-9204EC083C74}
		{D798FFC9-C796-40A3-862F-8C71AFD21D5C} = {D696CA38-72E3-427F-A711-3DFD9CA532A8}
		{9553B55F-280D-4893-AFC7-326F7AD9C3F9} = {AB2D3B43-C280-47A7-9BCB-4C80AEAD8EE7}
		{32A70141-63BC-4E7B-89C8-26E7DCE7A2BA} = {39658B31-BA48-46D7-B729-C8C5D7D3AB0D}
	EndGlobalSection
EndGlobal
