
Microsoft Visual Studio Solution File, Format Version 12.00
# Visual Studio 14
VisualStudioVersion = 14.0.25420.1
MinimumVisualStudioVersion = 10.0.40219.1
Project("{2150E333-8FDC-42A3-9474-1A3956D46DE8}") = "SkillsTracker.DAL", "SkillsTracker.DAL", "{3BB090ED-0582-4B08-9592-80AAAD8DBDD6}"
EndProject
Project("{FAE04EC0-301F-11D3-BF4B-00C04F79EFBC}") = "SkillsTracker.DAL", "SkillsTracker.DAL\SkillsTracker.DAL.csproj", "{0F022810-A647-44DF-80FC-E138196D08E5}"
EndProject
Project("{2150E333-8FDC-42A3-9474-1A3956D46DE8}") = "SkillsTracker.Entities", "SkillsTracker.Entities", "{AB10A7D1-DC43-46FF-B2C0-9204EC083C74}"
EndProject
Project("{FAE04EC0-301F-11D3-BF4B-00C04F79EFBC}") = "SkillsTracker.Entities", "SkillsTracker.Entities\SkillsTracker.Entities.csproj", "{1F9C4717-FC03-4793-AE4E-75DF1C04A257}"
EndProject
Project("{2150E333-8FDC-42A3-9474-1A3956D46DE8}") = "SkillsTracker.IRepositories", "SkillsTracker.IRepositories", "{D696CA38-72E3-427F-A711-3DFD9CA532A8}"
EndProject
Project("{FAE04EC0-301F-11D3-BF4B-00C04F79EFBC}") = "SkillsTracker.IRepositories", "SkillsTracker.IRepositories\SkillsTracker.IRepositories.csproj", "{D798FFC9-C796-40A3-862F-8C71AFD21D5C}"
EndProject
Project("{2150E333-8FDC-42A3-9474-1A3956D46DE8}") = "SkillsTracker.BAL", "SkillsTracker.BAL", "{AB2D3B43-C280-47A7-9BCB-4C80AEAD8EE7}"
EndProject
Project("{FAE04EC0-301F-11D3-BF4B-00C04F79EFBC}") = "SkillsTracker.BAL", "SkillsTracker.BAL\SkillsTracker.BAL.csproj", "{9553B55F-280D-4893-AFC7-326F7AD9C3F9}"
EndProject
Project("{2150E333-8FDC-42A3-9474-1A3956D46DE8}") = "SkillsTracker.API", "SkillsTracker.API", "{05CC98D6-5890-45FE-A8B7-26DA3F547651}"
EndProject
Project("{FAE04EC0-301F-11D3-BF4B-00C04F79EFBC}") = "SkillsTracker.API", "SkillsTracker.API\SkillsTracker.API.csproj", "{F220E73A-C168-4679-8BD0-9F17EA257003}"
EndProject
Project("{2150E333-8FDC-42A3-9474-1A3956D46DE8}") = "SkillsTracker.NUnitTests", "SkillsTracker.NUnitTests", "{3E7762D5-A342-4543-A3DE-7468C9DDD052}"
EndProject
Project("{FAE04EC0-301F-11D3-BF4B-00C04F79EFBC}") = "SkillsTracker.NUnitTests", "SkillsTracker.NUnitTests\SkillsTracker.NUnitTests.csproj", "{5A475325-68D2-4304-8D22-C606B0F80BE8}"
EndProject
Project("{2150E333-8FDC-42A3-9474-1A3956D46DE8}") = "SkillsTracker.PerformanceTests", "SkillsTracker.PerformanceTests", "{0728D5EA-1554-407A-B831-9E8A300F200D}"
EndProject
Project("{FAE04EC0-301F-11D3-BF4B-00C04F79EFBC}") = "SkillsTracker.NBench", "SkillsTracker.NBench\SkillsTracker.NBench.csproj", "{AA0936C1-31E7-4248-8919-EF5531806CB2}"
EndProject
Global
	GlobalSection(SolutionConfigurationPlatforms) = preSolution
		Debug|Any CPU = Debug|Any CPU
		Debug|x86 = Debug|x86
		Release|Any CPU = Release|Any CPU
		Release|x86 = Release|x86
	EndGlobalSection
	GlobalSection(ProjectConfigurationPlatforms) = postSolution
		{0F022810-A647-44DF-80FC-E138196D08E5}.Debug|Any CPU.ActiveCfg = Debug|Any CPU
		{0F022810-A647-44DF-80FC-E138196D08E5}.Debug|Any CPU.Build.0 = Debug|Any CPU
		{0F022810-A647-44DF-80FC-E138196D08E5}.Debug|x86.ActiveCfg = Debug|Any CPU
		{0F022810-A647-44DF-80FC-E138196D08E5}.Debug|x86.Build.0 = Debug|Any CPU
		{0F022810-A647-44DF-80FC-E138196D08E5}.Release|Any CPU.ActiveCfg = Release|Any CPU
		{0F022810-A647-44DF-80FC-E138196D08E5}.Release|Any CPU.Build.0 = Release|Any CPU
		{0F022810-A647-44DF-80FC-E138196D08E5}.Release|x86.ActiveCfg = Release|Any CPU
		{0F022810-A647-44DF-80FC-E138196D08E5}.Release|x86.Build.0 = Release|Any CPU
		{1F9C4717-FC03-4793-AE4E-75DF1C04A257}.Debug|Any CPU.ActiveCfg = Debug|Any CPU
		{1F9C4717-FC03-4793-AE4E-75DF1C04A257}.Debug|Any CPU.Build.0 = Debug|Any CPU
		{1F9C4717-FC03-4793-AE4E-75DF1C04A257}.Debug|x86.ActiveCfg = Debug|Any CPU
		{1F9C4717-FC03-4793-AE4E-75DF1C04A257}.Debug|x86.Build.0 = Debug|Any CPU
		{1F9C4717-FC03-4793-AE4E-75DF1C04A257}.Release|Any CPU.ActiveCfg = Release|Any CPU
		{1F9C4717-FC03-4793-AE4E-75DF1C04A257}.Release|Any CPU.Build.0 = Release|Any CPU
		{1F9C4717-FC03-4793-AE4E-75DF1C04A257}.Release|x86.ActiveCfg = Release|Any CPU
		{1F9C4717-FC03-4793-AE4E-75DF1C04A257}.Release|x86.Build.0 = Release|Any CPU
		{D798FFC9-C796-40A3-862F-8C71AFD21D5C}.Debug|Any CPU.ActiveCfg = Debug|Any CPU
		{D798FFC9-C796-40A3-862F-8C71AFD21D5C}.Debug|Any CPU.Build.0 = Debug|Any CPU
		{D798FFC9-C796-40A3-862F-8C71AFD21D5C}.Debug|x86.ActiveCfg = Debug|Any CPU
		{D798FFC9-C796-40A3-862F-8C71AFD21D5C}.Debug|x86.Build.0 = Debug|Any CPU
		{D798FFC9-C796-40A3-862F-8C71AFD21D5C}.Release|Any CPU.ActiveCfg = Release|Any CPU
		{D798FFC9-C796-40A3-862F-8C71AFD21D5C}.Release|Any CPU.Build.0 = Release|Any CPU
		{D798FFC9-C796-40A3-862F-8C71AFD21D5C}.Release|x86.ActiveCfg = Release|Any CPU
		{D798FFC9-C796-40A3-862F-8C71AFD21D5C}.Release|x86.Build.0 = Release|Any CPU
		{9553B55F-280D-4893-AFC7-326F7AD9C3F9}.Debug|Any CPU.ActiveCfg = Debug|Any CPU
		{9553B55F-280D-4893-AFC7-326F7AD9C3F9}.Debug|Any CPU.Build.0 = Debug|Any CPU
		{9553B55F-280D-4893-AFC7-326F7AD9C3F9}.Debug|x86.ActiveCfg = Debug|Any CPU
		{9553B55F-280D-4893-AFC7-326F7AD9C3F9}.Debug|x86.Build.0 = Debug|Any CPU
		{9553B55F-280D-4893-AFC7-326F7AD9C3F9}.Release|Any CPU.ActiveCfg = Release|Any CPU
		{9553B55F-280D-4893-AFC7-326F7AD9C3F9}.Release|Any CPU.Build.0 = Release|Any CPU
		{9553B55F-280D-4893-AFC7-326F7AD9C3F9}.Release|x86.ActiveCfg = Release|Any CPU
		{9553B55F-280D-4893-AFC7-326F7AD9C3F9}.Release|x86.Build.0 = Release|Any CPU
		{F220E73A-C168-4679-8BD0-9F17EA257003}.Debug|Any CPU.ActiveCfg = Debug|Any CPU
		{F220E73A-C168-4679-8BD0-9F17EA257003}.Debug|Any CPU.Build.0 = Debug|Any CPU
		{F220E73A-C168-4679-8BD0-9F17EA257003}.Debug|x86.ActiveCfg = Debug|Any CPU
		{F220E73A-C168-4679-8BD0-9F17EA257003}.Debug|x86.Build.0 = Debug|Any CPU
		{F220E73A-C168-4679-8BD0-9F17EA257003}.Release|Any CPU.ActiveCfg = Release|Any CPU
		{F220E73A-C168-4679-8BD0-9F17EA257003}.Release|Any CPU.Build.0 = Release|Any CPU
		{F220E73A-C168-4679-8BD0-9F17EA257003}.Release|x86.ActiveCfg = Release|Any CPU
		{F220E73A-C168-4679-8BD0-9F17EA257003}.Release|x86.Build.0 = Release|Any CPU
		{5A475325-68D2-4304-8D22-C606B0F80BE8}.Debug|Any CPU.ActiveCfg = Debug|Any CPU
		{5A475325-68D2-4304-8D22-C606B0F80BE8}.Debug|Any CPU.Build.0 = Debug|Any CPU
		{5A475325-68D2-4304-8D22-C606B0F80BE8}.Debug|x86.ActiveCfg = Debug|Any CPU
		{5A475325-68D2-4304-8D22-C606B0F80BE8}.Debug|x86.Build.0 = Debug|Any CPU
		{5A475325-68D2-4304-8D22-C606B0F80BE8}.Release|Any CPU.ActiveCfg = Release|Any CPU
		{5A475325-68D2-4304-8D22-C606B0F80BE8}.Release|Any CPU.Build.0 = Release|Any CPU
		{5A475325-68D2-4304-8D22-C606B0F80BE8}.Release|x86.ActiveCfg = Release|x86
		{5A475325-68D2-4304-8D22-C606B0F80BE8}.Release|x86.Build.0 = Release|x86
		{AA0936C1-31E7-4248-8919-EF5531806CB2}.Debug|Any CPU.ActiveCfg = Debug|Any CPU
		{AA0936C1-31E7-4248-8919-EF5531806CB2}.Debug|Any CPU.Build.0 = Debug|Any CPU
		{AA0936C1-31E7-4248-8919-EF5531806CB2}.Debug|x86.ActiveCfg = Debug|Any CPU
		{AA0936C1-31E7-4248-8919-EF5531806CB2}.Debug|x86.Build.0 = Debug|Any CPU
		{AA0936C1-31E7-4248-8919-EF5531806CB2}.Release|Any CPU.ActiveCfg = Release|Any CPU
		{AA0936C1-31E7-4248-8919-EF5531806CB2}.Release|Any CPU.Build.0 = Release|Any CPU
		{AA0936C1-31E7-4248-8919-EF5531806CB2}.Release|x86.ActiveCfg = Release|Any CPU
		{AA0936C1-31E7-4248-8919-EF5531806CB2}.Release|x86.Build.0 = Release|Any CPU
	EndGlobalSection
	GlobalSection(SolutionProperties) = preSolution
		HideSolutionNode = FALSE
	EndGlobalSection
	GlobalSection(NestedProjects) = preSolution
		{0F022810-A647-44DF-80FC-E138196D08E5} = {3BB090ED-0582-4B08-9592-80AAAD8DBDD6}
		{1F9C4717-FC03-4793-AE4E-75DF1C04A257} = {AB10A7D1-DC43-46FF-B2C0-9204EC083C74}
		{D798FFC9-C796-40A3-862F-8C71AFD21D5C} = {D696CA38-72E3-427F-A711-3DFD9CA532A8}
		{9553B55F-280D-4893-AFC7-326F7AD9C3F9} = {AB2D3B43-C280-47A7-9BCB-4C80AEAD8EE7}
		{F220E73A-C168-4679-8BD0-9F17EA257003} = {05CC98D6-5890-45FE-A8B7-26DA3F547651}
		{5A475325-68D2-4304-8D22-C606B0F80BE8} = {3E7762D5-A342-4543-A3DE-7468C9DDD052}
		{AA0936C1-31E7-4248-8919-EF5531806CB2} = {0728D5EA-1554-407A-B831-9E8A300F200D}
	EndGlobalSection
EndGlobal
